
Microsoft Visual Studio Solution File, Format Version 12.00
# Visual Studio Version 17
VisualStudioVersion = 17.3.32929.385
MinimumVisualStudioVersion = 10.0.40219.1
Project("{9A19103F-16F7-4668-BE54-9A1E7A4F7556}") = "Inquiry", "Inquiry.csproj", "{5D54FEA3-3AF3-4071-849B-D3EB2C51681C}"
EndProject
Global
	GlobalSection(SolutionConfigurationPlatforms) = preSolution
		Debug|Any CPU = Debug|Any CPU
		Release|Any CPU = Release|Any CPU
	EndGlobalSection
	GlobalSection(ProjectConfigurationPlatforms) = postSolution
		{5D54FEA3-3AF3-4071-849B-D3EB2C51681C}.Debug|Any CPU.ActiveCfg = Debug|Any CPU
		{5D54FEA3-3AF3-4071-849B-D3EB2C51681C}.Debug|Any CPU.Build.0 = Debug|Any CPU
		{5D54FEA3-3AF3-4071-849B-D3EB2C51681C}.Release|Any CPU.ActiveCfg = Release|Any CPU
		{5D54FEA3-3AF3-4071-849B-D3EB2C51681C}.Release|Any CPU.Build.0 = Release|Any CPU
	EndGlobalSection
	GlobalSection(SolutionProperties) = preSolution
		HideSolutionNode = FALSE
	EndGlobalSection
	GlobalSection(ExtensibilityGlobals) = postSolution
		SolutionGuid = {483BAFCE-C59C-4881-81ED-A1E54D5CB074}
	EndGlobalSection
EndGlobal
